
Microsoft Visual Studio Solution File, Format Version 12.00
# Visual Studio Version 16
VisualStudioVersion = 16.0.29806.167
MinimumVisualStudioVersion = 10.0.40219.1
Project("{2150E333-8FDC-42A3-9474-1A3956D46DE8}") = "Common", "Common", "{9B6DE82A-E2FF-46A6-A067-C8A1EC17C3C2}"
EndProject
Project("{2150E333-8FDC-42A3-9474-1A3956D46DE8}") = "Services", "Services", "{9E7A5C20-54C2-419E-BD4A-72E9DF0FBE0D}"
EndProject
Project("{2150E333-8FDC-42A3-9474-1A3956D46DE8}") = "UI", "UI", "{FE4AF9B7-791A-44D3-AD3F-F146E731672C}"
EndProject
Project("{9A19103F-16F7-4668-BE54-9A1E7A4F7556}") = "WebStore.Domain", "Common\WebStore.Domain\WebStore.Domain.csproj", "{FAC658BE-E7A0-4D1C-9CB6-336FD82F8A0D}"
EndProject
Project("{9A19103F-16F7-4668-BE54-9A1E7A4F7556}") = "WebStore.DAL", "Services\WebStore.DAL\WebStore.DAL.csproj", "{8281CF7C-480D-43F3-92EB-303861439DBC}"
EndProject
Project("{9A19103F-16F7-4668-BE54-9A1E7A4F7556}") = "WebStore", "UI\WebStore\WebStore.csproj", "{2BF9A203-22EC-4389-92D8-42597FC92FBB}"
EndProject
Project("{2150E333-8FDC-42A3-9474-1A3956D46DE8}") = ".Service", ".Service", "{779E460C-9F4D-4205-BE4C-537C975E2B06}"
	ProjectSection(SolutionItems) = preProject
		..\.gitignore = ..\.gitignore
	EndProjectSection
EndProject
Project("{9A19103F-16F7-4668-BE54-9A1E7A4F7556}") = "WebStore.ServiceHosting", "Services\WebStore.ServiceHosting\WebStore.ServiceHosting.csproj", "{708D4A9E-8DDA-4B86-AB14-5856E0244121}"
EndProject
Project("{9A19103F-16F7-4668-BE54-9A1E7A4F7556}") = "WebStore.Services", "Services\WebStore.Services\WebStore.Services.csproj", "{2D196A2D-A89A-4C0C-84AF-382D5AAB6E85}"
EndProject
Project("{9A19103F-16F7-4668-BE54-9A1E7A4F7556}") = "WebStore.Clients", "Services\WebStore.Clients\WebStore.Clients.csproj", "{37B5D6E4-D73E-40CA-8A1E-5EF322A69A92}"
EndProject
Project("{9A19103F-16F7-4668-BE54-9A1E7A4F7556}") = "WebStore.Interfaces", "Services\WebStore.Interfaces\WebStore.Interfaces.csproj", "{80ECF607-3CD3-4DC4-A62E-0B2C88BE81C5}"
EndProject
Project("{9A19103F-16F7-4668-BE54-9A1E7A4F7556}") = "WebStore.Logger", "Common\WebStore.Logger\WebStore.Logger.csproj", "{9457DFBD-4369-410D-94D8-830F0D4259D5}"
EndProject
Project("{2150E333-8FDC-42A3-9474-1A3956D46DE8}") = "Tests", "Tests", "{97B24902-A0B8-4F37-9D95-74FC75CCDA46}"
EndProject
Project("{FAE04EC0-301F-11D3-BF4B-00C04F79EFBC}") = "WebStore.Tests", "Tests\WebStore.Tests\WebStore.Tests.csproj", "{E9342B65-881A-42AF-B980-BE65F9459E78}"
EndProject
Global
	GlobalSection(SolutionConfigurationPlatforms) = preSolution
		Debug|Any CPU = Debug|Any CPU
		Release|Any CPU = Release|Any CPU
	EndGlobalSection
	GlobalSection(ProjectConfigurationPlatforms) = postSolution
		{FAC658BE-E7A0-4D1C-9CB6-336FD82F8A0D}.Debug|Any CPU.ActiveCfg = Debug|Any CPU
		{FAC658BE-E7A0-4D1C-9CB6-336FD82F8A0D}.Debug|Any CPU.Build.0 = Debug|Any CPU
		{FAC658BE-E7A0-4D1C-9CB6-336FD82F8A0D}.Release|Any CPU.ActiveCfg = Release|Any CPU
		{FAC658BE-E7A0-4D1C-9CB6-336FD82F8A0D}.Release|Any CPU.Build.0 = Release|Any CPU
		{8281CF7C-480D-43F3-92EB-303861439DBC}.Debug|Any CPU.ActiveCfg = Debug|Any CPU
		{8281CF7C-480D-43F3-92EB-303861439DBC}.Debug|Any CPU.Build.0 = Debug|Any CPU
		{8281CF7C-480D-43F3-92EB-303861439DBC}.Release|Any CPU.ActiveCfg = Release|Any CPU
		{8281CF7C-480D-43F3-92EB-303861439DBC}.Release|Any CPU.Build.0 = Release|Any CPU
		{2BF9A203-22EC-4389-92D8-42597FC92FBB}.Debug|Any CPU.ActiveCfg = Debug|Any CPU
		{2BF9A203-22EC-4389-92D8-42597FC92FBB}.Debug|Any CPU.Build.0 = Debug|Any CPU
		{2BF9A203-22EC-4389-92D8-42597FC92FBB}.Release|Any CPU.ActiveCfg = Release|Any CPU
		{2BF9A203-22EC-4389-92D8-42597FC92FBB}.Release|Any CPU.Build.0 = Release|Any CPU
		{708D4A9E-8DDA-4B86-AB14-5856E0244121}.Debug|Any CPU.ActiveCfg = Debug|Any CPU
		{708D4A9E-8DDA-4B86-AB14-5856E0244121}.Debug|Any CPU.Build.0 = Debug|Any CPU
		{708D4A9E-8DDA-4B86-AB14-5856E0244121}.Release|Any CPU.ActiveCfg = Release|Any CPU
		{708D4A9E-8DDA-4B86-AB14-5856E0244121}.Release|Any CPU.Build.0 = Release|Any CPU
		{2D196A2D-A89A-4C0C-84AF-382D5AAB6E85}.Debug|Any CPU.ActiveCfg = Debug|Any CPU
		{2D196A2D-A89A-4C0C-84AF-382D5AAB6E85}.Debug|Any CPU.Build.0 = Debug|Any CPU
		{2D196A2D-A89A-4C0C-84AF-382D5AAB6E85}.Release|Any CPU.ActiveCfg = Release|Any CPU
		{2D196A2D-A89A-4C0C-84AF-382D5AAB6E85}.Release|Any CPU.Build.0 = Release|Any CPU
		{37B5D6E4-D73E-40CA-8A1E-5EF322A69A92}.Debug|Any CPU.ActiveCfg = Debug|Any CPU
		{37B5D6E4-D73E-40CA-8A1E-5EF322A69A92}.Debug|Any CPU.Build.0 = Debug|Any CPU
		{37B5D6E4-D73E-40CA-8A1E-5EF322A69A92}.Release|Any CPU.ActiveCfg = Release|Any CPU
		{37B5D6E4-D73E-40CA-8A1E-5EF322A69A92}.Release|Any CPU.Build.0 = Release|Any CPU
		{80ECF607-3CD3-4DC4-A62E-0B2C88BE81C5}.Debug|Any CPU.ActiveCfg = Debug|Any CPU
		{80ECF607-3CD3-4DC4-A62E-0B2C88BE81C5}.Debug|Any CPU.Build.0 = Debug|Any CPU
		{80ECF607-3CD3-4DC4-A62E-0B2C88BE81C5}.Release|Any CPU.ActiveCfg = Release|Any CPU
		{80ECF607-3CD3-4DC4-A62E-0B2C88BE81C5}.Release|Any CPU.Build.0 = Release|Any CPU
		{9457DFBD-4369-410D-94D8-830F0D4259D5}.Debug|Any CPU.ActiveCfg = Debug|Any CPU
		{9457DFBD-4369-410D-94D8-830F0D4259D5}.Debug|Any CPU.Build.0 = Debug|Any CPU
		{9457DFBD-4369-410D-94D8-830F0D4259D5}.Release|Any CPU.ActiveCfg = Release|Any CPU
		{9457DFBD-4369-410D-94D8-830F0D4259D5}.Release|Any CPU.Build.0 = Release|Any CPU
		{E9342B65-881A-42AF-B980-BE65F9459E78}.Debug|Any CPU.ActiveCfg = Debug|Any CPU
		{E9342B65-881A-42AF-B980-BE65F9459E78}.Debug|Any CPU.Build.0 = Debug|Any CPU
		{E9342B65-881A-42AF-B980-BE65F9459E78}.Release|Any CPU.ActiveCfg = Release|Any CPU
		{E9342B65-881A-42AF-B980-BE65F9459E78}.Release|Any CPU.Build.0 = Release|Any CPU
	EndGlobalSection
	GlobalSection(SolutionProperties) = preSolution
		HideSolutionNode = FALSE
	EndGlobalSection
	GlobalSection(NestedProjects) = preSolution
		{FAC658BE-E7A0-4D1C-9CB6-336FD82F8A0D} = {9B6DE82A-E2FF-46A6-A067-C8A1EC17C3C2}
		{8281CF7C-480D-43F3-92EB-303861439DBC} = {9E7A5C20-54C2-419E-BD4A-72E9DF0FBE0D}
		{2BF9A203-22EC-4389-92D8-42597FC92FBB} = {FE4AF9B7-791A-44D3-AD3F-F146E731672C}
		{708D4A9E-8DDA-4B86-AB14-5856E0244121} = {9E7A5C20-54C2-419E-BD4A-72E9DF0FBE0D}
		{2D196A2D-A89A-4C0C-84AF-382D5AAB6E85} = {9E7A5C20-54C2-419E-BD4A-72E9DF0FBE0D}
		{37B5D6E4-D73E-40CA-8A1E-5EF322A69A92} = {9E7A5C20-54C2-419E-BD4A-72E9DF0FBE0D}
		{80ECF607-3CD3-4DC4-A62E-0B2C88BE81C5} = {9E7A5C20-54C2-419E-BD4A-72E9DF0FBE0D}
		{9457DFBD-4369-410D-94D8-830F0D4259D5} = {9B6DE82A-E2FF-46A6-A067-C8A1EC17C3C2}
		{E9342B65-881A-42AF-B980-BE65F9459E78} = {97B24902-A0B8-4F37-9D95-74FC75CCDA46}
	EndGlobalSection
	GlobalSection(ExtensibilityGlobals) = postSolution
		SolutionGuid = {D751734E-BE7A-4CA5-96FB-F168C1276DD4}
	EndGlobalSection
EndGlobal
